
Microsoft Visual Studio Solution File, Format Version 12.00
# Visual Studio Version 17
VisualStudioVersion = 17.4.33213.308
MinimumVisualStudioVersion = 10.0.40219.1
Project("{FAE04EC0-301F-11D3-BF4B-00C04F79EFBC}") = "1. Train", "1. Train\1. Train.csproj", "{105182A2-C8D8-458B-87B5-A714E4E33F23}"
EndProject
Project("{FAE04EC0-301F-11D3-BF4B-00C04F79EFBC}") = "2. Change List", "2. Change List\2. Change List.csproj", "{114C9DB4-402F-4351-B363-FD961D091A4F}"
EndProject
Project("{FAE04EC0-301F-11D3-BF4B-00C04F79EFBC}") = "3. House Party", "3. House Party\3. House Party.csproj", "{24126C4F-486F-49F8-A0DC-7254EDF578E3}"
EndProject
Project("{FAE04EC0-301F-11D3-BF4B-00C04F79EFBC}") = "4. List Operations", "4. List Operations\4. List Operations.csproj", "{AB043C10-4428-437A-9F62-13C3C4A1E1F6}"
EndProject
Project("{FAE04EC0-301F-11D3-BF4B-00C04F79EFBC}") = "5. Bomb Numbers", "5. Bomb Numbers\5. Bomb Numbers.csproj", "{A3EDEC39-CB71-43B4-A1B9-475AAA179605}"
EndProject
Project("{FAE04EC0-301F-11D3-BF4B-00C04F79EFBC}") = "6. Cards Game", "6. Cards Game\6. Cards Game.csproj", "{86B77B9B-1EA0-4304-9C7E-A26FB5C9418A}"
EndProject
Project("{FAE04EC0-301F-11D3-BF4B-00C04F79EFBC}") = "7. Append Arrays", "7. Append Arrays\7. Append Arrays.csproj", "{BCFADE58-2FCD-41D9-8FF7-F7ED632DF8DC}"
EndProject
Project("{FAE04EC0-301F-11D3-BF4B-00C04F79EFBC}") = "8. Anonymous Threat", "8. Anonymous Threat\8. Anonymous Threat.csproj", "{2835811D-5655-4FB5-8D58-782393685ECD}"
EndProject
Project("{FAE04EC0-301F-11D3-BF4B-00C04F79EFBC}") = "8. Anonymous Threat (v1)", "8. Anonymous Threat (v1)\8. Anonymous Threat (v1).csproj", "{9748C4D1-8C96-4440-9387-C63D34466A89}"
EndProject
Global
	GlobalSection(SolutionConfigurationPlatforms) = preSolution
		Debug|Any CPU = Debug|Any CPU
		Release|Any CPU = Release|Any CPU
	EndGlobalSection
	GlobalSection(ProjectConfigurationPlatforms) = postSolution
		{105182A2-C8D8-458B-87B5-A714E4E33F23}.Debug|Any CPU.ActiveCfg = Debug|Any CPU
		{105182A2-C8D8-458B-87B5-A714E4E33F23}.Debug|Any CPU.Build.0 = Debug|Any CPU
		{105182A2-C8D8-458B-87B5-A714E4E33F23}.Release|Any CPU.ActiveCfg = Release|Any CPU
		{105182A2-C8D8-458B-87B5-A714E4E33F23}.Release|Any CPU.Build.0 = Release|Any CPU
		{114C9DB4-402F-4351-B363-FD961D091A4F}.Debug|Any CPU.ActiveCfg = Debug|Any CPU
		{114C9DB4-402F-4351-B363-FD961D091A4F}.Debug|Any CPU.Build.0 = Debug|Any CPU
		{114C9DB4-402F-4351-B363-FD961D091A4F}.Release|Any CPU.ActiveCfg = Release|Any CPU
		{114C9DB4-402F-4351-B363-FD961D091A4F}.Release|Any CPU.Build.0 = Release|Any CPU
		{24126C4F-486F-49F8-A0DC-7254EDF578E3}.Debug|Any CPU.ActiveCfg = Debug|Any CPU
		{24126C4F-486F-49F8-A0DC-7254EDF578E3}.Debug|Any CPU.Build.0 = Debug|Any CPU
		{24126C4F-486F-49F8-A0DC-7254EDF578E3}.Release|Any CPU.ActiveCfg = Release|Any CPU
		{24126C4F-486F-49F8-A0DC-7254EDF578E3}.Release|Any CPU.Build.0 = Release|Any CPU
		{AB043C10-4428-437A-9F62-13C3C4A1E1F6}.Debug|Any CPU.ActiveCfg = Debug|Any CPU
		{AB043C10-4428-437A-9F62-13C3C4A1E1F6}.Debug|Any CPU.Build.0 = Debug|Any CPU
		{AB043C10-4428-437A-9F62-13C3C4A1E1F6}.Release|Any CPU.ActiveCfg = Release|Any CPU
		{AB043C10-4428-437A-9F62-13C3C4A1E1F6}.Release|Any CPU.Build.0 = Release|Any CPU
		{A3EDEC39-CB71-43B4-A1B9-475AAA179605}.Debug|Any CPU.ActiveCfg = Debug|Any CPU
		{A3EDEC39-CB71-43B4-A1B9-475AAA179605}.Debug|Any CPU.Build.0 = Debug|Any CPU
		{A3EDEC39-CB71-43B4-A1B9-475AAA179605}.Release|Any CPU.ActiveCfg = Release|Any CPU
		{A3EDEC39-CB71-43B4-A1B9-475AAA179605}.Release|Any CPU.Build.0 = Release|Any CPU
		{86B77B9B-1EA0-4304-9C7E-A26FB5C9418A}.Debug|Any CPU.ActiveCfg = Debug|Any CPU
		{86B77B9B-1EA0-4304-9C7E-A26FB5C9418A}.Debug|Any CPU.Build.0 = Debug|Any CPU
		{86B77B9B-1EA0-4304-9C7E-A26FB5C9418A}.Release|Any CPU.ActiveCfg = Release|Any CPU
		{86B77B9B-1EA0-4304-9C7E-A26FB5C9418A}.Release|Any CPU.Build.0 = Release|Any CPU
		{BCFADE58-2FCD-41D9-8FF7-F7ED632DF8DC}.Debug|Any CPU.ActiveCfg = Debug|Any CPU
		{BCFADE58-2FCD-41D9-8FF7-F7ED632DF8DC}.Debug|Any CPU.Build.0 = Debug|Any CPU
		{BCFADE58-2FCD-41D9-8FF7-F7ED632DF8DC}.Release|Any CPU.ActiveCfg = Release|Any CPU
		{BCFADE58-2FCD-41D9-8FF7-F7ED632DF8DC}.Release|Any CPU.Build.0 = Release|Any CPU
		{2835811D-5655-4FB5-8D58-782393685ECD}.Debug|Any CPU.ActiveCfg = Debug|Any CPU
		{2835811D-5655-4FB5-8D58-782393685ECD}.Debug|Any CPU.Build.0 = Debug|Any CPU
		{2835811D-5655-4FB5-8D58-782393685ECD}.Release|Any CPU.ActiveCfg = Release|Any CPU
		{2835811D-5655-4FB5-8D58-782393685ECD}.Release|Any CPU.Build.0 = Release|Any CPU
		{9748C4D1-8C96-4440-9387-C63D34466A89}.Debug|Any CPU.ActiveCfg = Debug|Any CPU
		{9748C4D1-8C96-4440-9387-C63D34466A89}.Debug|Any CPU.Build.0 = Debug|Any CPU
		{9748C4D1-8C96-4440-9387-C63D34466A89}.Release|Any CPU.ActiveCfg = Release|Any CPU
		{9748C4D1-8C96-4440-9387-C63D34466A89}.Release|Any CPU.Build.0 = Release|Any CPU
	EndGlobalSection
	GlobalSection(SolutionProperties) = preSolution
		HideSolutionNode = FALSE
	EndGlobalSection
	GlobalSection(ExtensibilityGlobals) = postSolution
		SolutionGuid = {03FD4154-BD8B-4AAC-A395-3D0F1CC86669}
	EndGlobalSection
EndGlobal
