
Microsoft Visual Studio Solution File, Format Version 12.00
# Visual Studio Version 17
VisualStudioVersion = 17.4.33213.308
MinimumVisualStudioVersion = 10.0.40219.1
Project("{9A19103F-16F7-4668-BE54-9A1E7A4F7556}") = "Burger Bus", "Burger Bus\Burger Bus.csproj", "{9CE79AD1-90CF-4885-960E-384901061B9B}"
EndProject
Project("{9A19103F-16F7-4668-BE54-9A1E7A4F7556}") = "Space Travel", "02. Space Travel\Space Travel.csproj", "{9FDAE18F-8127-4297-8910-42A1B8AAD6C8}"
EndProject
Project("{9A19103F-16F7-4668-BE54-9A1E7A4F7556}") = "School Libery", "School Libery1\School Libery.csproj", "{8CC9DFE6-E698-4EED-82FD-AF5CA21BCC4D}"
EndProject
Global
	GlobalSection(SolutionConfigurationPlatforms) = preSolution
		Debug|Any CPU = Debug|Any CPU
		Release|Any CPU = Release|Any CPU
	EndGlobalSection
	GlobalSection(ProjectConfigurationPlatforms) = postSolution
		{9CE79AD1-90CF-4885-960E-384901061B9B}.Debug|Any CPU.ActiveCfg = Debug|Any CPU
		{9CE79AD1-90CF-4885-960E-384901061B9B}.Debug|Any CPU.Build.0 = Debug|Any CPU
		{9CE79AD1-90CF-4885-960E-384901061B9B}.Release|Any CPU.ActiveCfg = Release|Any CPU
		{9CE79AD1-90CF-4885-960E-384901061B9B}.Release|Any CPU.Build.0 = Release|Any CPU
		{9FDAE18F-8127-4297-8910-42A1B8AAD6C8}.Debug|Any CPU.ActiveCfg = Debug|Any CPU
		{9FDAE18F-8127-4297-8910-42A1B8AAD6C8}.Debug|Any CPU.Build.0 = Debug|Any CPU
		{9FDAE18F-8127-4297-8910-42A1B8AAD6C8}.Release|Any CPU.ActiveCfg = Release|Any CPU
		{9FDAE18F-8127-4297-8910-42A1B8AAD6C8}.Release|Any CPU.Build.0 = Release|Any CPU
		{8CC9DFE6-E698-4EED-82FD-AF5CA21BCC4D}.Debug|Any CPU.ActiveCfg = Debug|Any CPU
		{8CC9DFE6-E698-4EED-82FD-AF5CA21BCC4D}.Debug|Any CPU.Build.0 = Debug|Any CPU
		{8CC9DFE6-E698-4EED-82FD-AF5CA21BCC4D}.Release|Any CPU.ActiveCfg = Release|Any CPU
		{8CC9DFE6-E698-4EED-82FD-AF5CA21BCC4D}.Release|Any CPU.Build.0 = Release|Any CPU
	EndGlobalSection
	GlobalSection(SolutionProperties) = preSolution
		HideSolutionNode = FALSE
	EndGlobalSection
	GlobalSection(ExtensibilityGlobals) = postSolution
		SolutionGuid = {07B304AD-00F7-457D-92B6-2A4CC2FC2873}
	EndGlobalSection
EndGlobal
